
Microsoft Visual Studio Solution File, Format Version 12.00
# Visual Studio 15
Project("{FAE04EC0-301F-11D3-BF4B-00C04F79EFBC}") = "Assembly-CSharp", "Assembly-CSharp.csproj", "{B68D124E-4A64-CD6F-4B28-AE6F822050DB}"
EndProject
Project("{FAE04EC0-301F-11D3-BF4B-00C04F79EFBC}") = "Assembly-CSharp-Editor", "Assembly-CSharp-Editor.csproj", "{818437AF-F95A-9821-A647-3E7EB8815222}"
EndProject
Global
	GlobalSection(SolutionConfigurationPlatforms) = preSolution
		Debug|Any CPU = Debug|Any CPU
		Release|Any CPU = Release|Any CPU
	EndGlobalSection
	GlobalSection(ProjectConfigurationPlatforms) = postSolution
		{B68D124E-4A64-CD6F-4B28-AE6F822050DB}.Debug|Any CPU.ActiveCfg = Debug|Any CPU
		{B68D124E-4A64-CD6F-4B28-AE6F822050DB}.Debug|Any CPU.Build.0 = Debug|Any CPU
		{B68D124E-4A64-CD6F-4B28-AE6F822050DB}.Release|Any CPU.ActiveCfg = Release|Any CPU
		{B68D124E-4A64-CD6F-4B28-AE6F822050DB}.Release|Any CPU.Build.0 = Release|Any CPU
		{818437AF-F95A-9821-A647-3E7EB8815222}.Debug|Any CPU.ActiveCfg = Debug|Any CPU
		{818437AF-F95A-9821-A647-3E7EB8815222}.Debug|Any CPU.Build.0 = Debug|Any CPU
		{818437AF-F95A-9821-A647-3E7EB8815222}.Release|Any CPU.ActiveCfg = Release|Any CPU
		{818437AF-F95A-9821-A647-3E7EB8815222}.Release|Any CPU.Build.0 = Release|Any CPU
	EndGlobalSection
	GlobalSection(SolutionProperties) = preSolution
		HideSolutionNode = FALSE
	EndGlobalSection
EndGlobal
